
Microsoft Visual Studio Solution File, Format Version 12.00
# Visual Studio Version 17
VisualStudioVersion = 17.13.35931.197 d17.13
MinimumVisualStudioVersion = 10.0.40219.1
Project("{FAE04EC0-301F-11D3-BF4B-00C04F79EFBC}") = "YahtzeeGame", "YahtzeeGame\YahtzeeGame.csproj", "{098AFE05-7675-4E9B-82D0-09CDDF405B95}"
EndProject
Global
	GlobalSection(SolutionConfigurationPlatforms) = preSolution
		Debug|Any CPU = Debug|Any CPU
		Release|Any CPU = Release|Any CPU
	EndGlobalSection
	GlobalSection(ProjectConfigurationPlatforms) = postSolution
		{098AFE05-7675-4E9B-82D0-09CDDF405B95}.Debug|Any CPU.ActiveCfg = Debug|Any CPU
		{098AFE05-7675-4E9B-82D0-09CDDF405B95}.Debug|Any CPU.Build.0 = Debug|Any CPU
		{098AFE05-7675-4E9B-82D0-09CDDF405B95}.Release|Any CPU.ActiveCfg = Release|Any CPU
		{098AFE05-7675-4E9B-82D0-09CDDF405B95}.Release|Any CPU.Build.0 = Release|Any CPU
	EndGlobalSection
	GlobalSection(SolutionProperties) = preSolution
		HideSolutionNode = FALSE
	EndGlobalSection
	GlobalSection(ExtensibilityGlobals) = postSolution
		SolutionGuid = {B7FDFEF1-ADF4-413E-B818-632C0CA12D91}
	EndGlobalSection
EndGlobal
